
Microsoft Visual Studio Solution File, Format Version 12.00
# Visual Studio Version 17
VisualStudioVersion = 17.5.33414.496
MinimumVisualStudioVersion = 10.0.40219.1
Project("{9A19103F-16F7-4668-BE54-9A1E7A4F7556}") = "PROG2500_A2_Chinook", "PROG2500-A2-Chinook\PROG2500_A2_Chinook.csproj", "{12B7C872-79C5-436B-AEF9-891D6C57057D}"
EndProject
Global
	GlobalSection(SolutionConfigurationPlatforms) = preSolution
		Debug|Any CPU = Debug|Any CPU
		Release|Any CPU = Release|Any CPU
	EndGlobalSection
	GlobalSection(ProjectConfigurationPlatforms) = postSolution
		{12B7C872-79C5-436B-AEF9-891D6C57057D}.Debug|Any CPU.ActiveCfg = Debug|Any CPU
		{12B7C872-79C5-436B-AEF9-891D6C57057D}.Debug|Any CPU.Build.0 = Debug|Any CPU
		{12B7C872-79C5-436B-AEF9-891D6C57057D}.Release|Any CPU.ActiveCfg = Release|Any CPU
		{12B7C872-79C5-436B-AEF9-891D6C57057D}.Release|Any CPU.Build.0 = Release|Any CPU
	EndGlobalSection
	GlobalSection(SolutionProperties) = preSolution
		HideSolutionNode = FALSE
	EndGlobalSection
	GlobalSection(ExtensibilityGlobals) = postSolution
		SolutionGuid = {F53FE891-7876-4B25-B349-C6D7CA779AB4}
	EndGlobalSection
EndGlobal
